{
  "name": "0",
  "version": "1.0.0",
  "lockfileVersion": 1,
  "requires": true,
  "dependencies": {
    "flow-bin": {
      "version": "0.54.1",
      "resolved": "https://registry.npmjs.org/flow-bin/-/flow-bin-0.54.1.tgz",
      "integrity": "sha1-cQG8zPAG3AZScUqK7wxyB4p2BRA=",
      "dev": true
    }
  }
}
